<?xml version="1.0" encoding="UTF-8"?>
<!DOCTYPE plist PUBLIC "-//Apple//DTD PLIST 1.0//EN" "http://www.apple.com/DTDs/PropertyList-1.0.dtd">
<plist version="1.0">
<dict>
	<key>archiveVersion</key>
	<string>1</string>
	<key>classes</key>
	<dict/>
	<key>objectVersion</key>
	<string>46</string>
	<key>objects</key>
	<dict>
		<key>2167290244C74396BFA6BAAD</key>
		<dict>
			<key>includeInIndex</key>
			<string>1</string>
			<key>isa</key>
			<string>PBXFileReference</string>
			<key>lastKnownFileType</key>
			<string>text.xcconfig</string>
			<key>name</key>
			<string>Pods-DiamondTests.xcconfig</string>
			<key>path</key>
			<string>Pods/Pods-DiamondTests.xcconfig</string>
			<key>sourceTree</key>
			<string>SOURCE_ROOT</string>
		</dict>
		<key>2E213BAC3B8E446CA6FDFB16</key>
		<dict>
			<key>buildActionMask</key>
			<string>2147483647</string>
			<key>files</key>
			<array/>
			<key>inputPaths</key>
			<array/>
			<key>isa</key>
			<string>PBXShellScriptBuildPhase</string>
			<key>name</key>
			<string>Check Pods Manifest.lock</string>
			<key>outputPaths</key>
			<array/>
			<key>runOnlyForDeploymentPostprocessing</key>
			<string>0</string>
			<key>shellPath</key>
			<string>/bin/sh</string>
			<key>shellScript</key>
			<string>diff "${PODS_ROOT}/../Podfile.lock" "${PODS_ROOT}/Manifest.lock" &gt; /dev/null
if [[ $? != 0 ]] ; then
    cat &lt;&lt; EOM
error: The sandbox is not in sync with the Podfile.lock. Run 'pod install' or update your CocoaPods installation.
EOM
    exit 1
fi
</string>
			<key>showEnvVarsInLog</key>
			<string>1</string>
		</dict>
		<key>2E2467E1F5774E7BBD19892E</key>
		<dict>
			<key>fileRef</key>
			<string>370ED707B6D644FE9CDAF695</string>
			<key>isa</key>
			<string>PBXBuildFile</string>
		</dict>
		<key>2F0CEE153AC74FCBAC5CC27B</key>
		<dict>
			<key>buildActionMask</key>
			<string>2147483647</string>
			<key>files</key>
			<array/>
			<key>inputPaths</key>
			<array/>
			<key>isa</key>
			<string>PBXShellScriptBuildPhase</string>
			<key>name</key>
			<string>Copy Pods Resources</string>
			<key>outputPaths</key>
			<array/>
			<key>runOnlyForDeploymentPostprocessing</key>
			<string>0</string>
			<key>shellPath</key>
			<string>/bin/sh</string>
			<key>shellScript</key>
			<string>"${SRCROOT}/Pods/Pods-DiamondTests-resources.sh"
</string>
		</dict>
		<key>2F612148DAB7422EBE6DF522</key>
		<dict>
			<key>buildActionMask</key>
			<string>2147483647</string>
			<key>files</key>
			<array/>
			<key>inputPaths</key>
			<array/>
			<key>isa</key>
			<string>PBXShellScriptBuildPhase</string>
			<key>name</key>
			<string>Copy Pods Resources</string>
			<key>outputPaths</key>
			<array/>
			<key>runOnlyForDeploymentPostprocessing</key>
			<string>0</string>
			<key>shellPath</key>
			<string>/bin/sh</string>
			<key>shellScript</key>
			<string>"${SRCROOT}/Pods/Pods-resources.sh"
</string>
			<key>showEnvVarsInLog</key>
			<string>1</string>
		</dict>
		<key>370ED707B6D644FE9CDAF695</key>
		<dict>
			<key>explicitFileType</key>
			<string>archive.ar</string>
			<key>includeInIndex</key>
			<string>0</string>
			<key>isa</key>
			<string>PBXFileReference</string>
			<key>path</key>
			<string>libPods-DiamondTests.a</string>
			<key>sourceTree</key>
			<string>BUILT_PRODUCTS_DIR</string>
		</dict>
		<key>3CD92CD3DEE24080AE8EE68B</key>
		<dict>
			<key>includeInIndex</key>
			<string>1</string>
			<key>isa</key>
			<string>PBXFileReference</string>
			<key>lastKnownFileType</key>
			<string>text.xcconfig</string>
			<key>name</key>
			<string>Pods.xcconfig</string>
			<key>path</key>
			<string>Pods/Pods.xcconfig</string>
			<key>sourceTree</key>
			<string>SOURCE_ROOT</string>
		</dict>
		<key>5D03AA5B1756FEAB00F4AF1F</key>
		<dict>
			<key>fileEncoding</key>
			<string>4</string>
			<key>isa</key>
			<string>PBXFileReference</string>
			<key>lastKnownFileType</key>
			<string>sourcecode.c.h</string>
			<key>path</key>
			<string>TestHelper.h</string>
			<key>sourceTree</key>
			<string>&lt;group&gt;</string>
		</dict>
		<key>5D03AA5C1756FEAB00F4AF1F</key>
		<dict>
			<key>fileEncoding</key>
			<string>4</string>
			<key>isa</key>
			<string>PBXFileReference</string>
			<key>lastKnownFileType</key>
			<string>sourcecode.c.objc</string>
			<key>path</key>
			<string>TestHelper.m</string>
			<key>sourceTree</key>
			<string>&lt;group&gt;</string>
		</dict>
		<key>5D03AA5D1756FEAB00F4AF1F</key>
		<dict>
			<key>fileRef</key>
			<string>5D03AA5C1756FEAB00F4AF1F</string>
			<key>isa</key>
			<string>PBXBuildFile</string>
		</dict>
		<key>5D03AA6017570AEF00F4AF1F</key>
		<dict>
			<key>containerPortal</key>
			<string>5D21E5D4156B6E9D00A0D042</string>
			<key>isa</key>
			<string>PBXContainerItemProxy</string>
			<key>proxyType</key>
			<string>1</string>
			<key>remoteGlobalIDString</key>
			<string>5D21E5DC156B6E9D00A0D042</string>
			<key>remoteInfo</key>
			<string>Diamond</string>
		</dict>
		<key>5D03AA6117570AEF00F4AF1F</key>
		<dict>
			<key>isa</key>
			<string>PBXTargetDependency</string>
			<key>target</key>
			<string>5D21E5DC156B6E9D00A0D042</string>
			<key>targetProxy</key>
			<string>5D03AA6017570AEF00F4AF1F</string>
		</dict>
		<key>5D21E5D2156B6E9D00A0D042</key>
		<dict>
			<key>children</key>
			<array>
				<string>5D21E5E7156B6E9D00A0D042</string>
				<string>5D5634CC1756FBF10069D13B</string>
				<string>5D21E5E0156B6E9D00A0D042</string>
				<string>5D21E5DE156B6E9D00A0D042</string>
				<string>2167290244C74396BFA6BAAD</string>
				<string>A4EE263571004AC8ADA69308</string>
				<string>3CD92CD3DEE24080AE8EE68B</string>
			</array>
			<key>isa</key>
			<string>PBXGroup</string>
			<key>sourceTree</key>
			<string>&lt;group&gt;</string>
		</dict>
		<key>5D21E5D4156B6E9D00A0D042</key>
		<dict>
			<key>attributes</key>
			<dict>
				<key>LastUpgradeCheck</key>
				<string>0430</string>
			</dict>
			<key>buildConfigurationList</key>
			<string>5D21E5D7156B6E9D00A0D042</string>
			<key>compatibilityVersion</key>
			<string>Xcode 3.2</string>
			<key>developmentRegion</key>
			<string>English</string>
			<key>hasScannedForEncodings</key>
			<string>0</string>
			<key>isa</key>
			<string>PBXProject</string>
			<key>knownRegions</key>
			<array>
				<string>en</string>
			</array>
			<key>mainGroup</key>
			<string>5D21E5D2156B6E9D00A0D042</string>
			<key>productRefGroup</key>
			<string>5D21E5DE156B6E9D00A0D042</string>
			<key>projectDirPath</key>
			<string></string>
			<key>projectReferences</key>
			<array/>
			<key>projectRoot</key>
			<string></string>
			<key>targets</key>
			<array>
				<string>5D21E5DC156B6E9D00A0D042</string>
				<string>5D5634C71756FBF10069D13B</string>
			</array>
		</dict>
		<key>5D21E5D7156B6E9D00A0D042</key>
		<dict>
			<key>buildConfigurations</key>
			<array>
				<string>5D21E619156B6E9E00A0D042</string>
				<string>5D21E61A156B6E9E00A0D042</string>
			</array>
			<key>defaultConfigurationIsVisible</key>
			<string>0</string>
			<key>defaultConfigurationName</key>
			<string>Release</string>
			<key>isa</key>
			<string>XCConfigurationList</string>
		</dict>
		<key>5D21E5D9156B6E9D00A0D042</key>
		<dict>
			<key>buildActionMask</key>
			<string>2147483647</string>
			<key>files</key>
			<array>
				<string>5D21E5EE156B6E9D00A0D042</string>
				<string>5D21E5F2156B6E9D00A0D042</string>
				<string>5D21E62C156B86EA00A0D042</string>
				<string>5D602F4B156C720800135F5A</string>
				<string>5DFA45A8156C9ADC002059D9</string>
				<string>5DFA45AC156CB58B002059D9</string>
				<string>5DFA45AF156CB919002059D9</string>
				<string>5DFA45B2156CBA36002059D9</string>
				<string>5D5826AE156E1FA40090607E</string>
			</array>
			<key>isa</key>
			<string>PBXSourcesBuildPhase</string>
			<key>runOnlyForDeploymentPostprocessing</key>
			<string>0</string>
		</dict>
		<key>5D21E5DA156B6E9D00A0D042</key>
		<dict>
			<key>buildActionMask</key>
			<string>2147483647</string>
			<key>files</key>
			<array>
				<string>5D21E5E2156B6E9D00A0D042</string>
				<string>5D21E5E4156B6E9D00A0D042</string>
				<string>5D21E5E6156B6E9D00A0D042</string>
				<string>69351CC69FD9464185937E6A</string>
			</array>
			<key>isa</key>
			<string>PBXFrameworksBuildPhase</string>
			<key>runOnlyForDeploymentPostprocessing</key>
			<string>0</string>
		</dict>
		<key>5D21E5DB156B6E9D00A0D042</key>
		<dict>
			<key>buildActionMask</key>
			<string>2147483647</string>
			<key>files</key>
			<array>
				<string>5D21E5EC156B6E9D00A0D042</string>
				<string>5D21E5F5156B6E9D00A0D042</string>
				<string>5D425DBF156E92B400217F70</string>
				<string>5D425DC0156E92B400217F70</string>
			</array>
			<key>isa</key>
			<string>PBXResourcesBuildPhase</string>
			<key>runOnlyForDeploymentPostprocessing</key>
			<string>0</string>
		</dict>
		<key>5D21E5DC156B6E9D00A0D042</key>
		<dict>
			<key>buildConfigurationList</key>
			<string>5D21E61B156B6E9E00A0D042</string>
			<key>buildPhases</key>
			<array>
				<string>2E213BAC3B8E446CA6FDFB16</string>
				<string>5D21E5D9156B6E9D00A0D042</string>
				<string>5D21E5DA156B6E9D00A0D042</string>
				<string>5D21E5DB156B6E9D00A0D042</string>
				<string>2F612148DAB7422EBE6DF522</string>
			</array>
			<key>buildRules</key>
			<array/>
			<key>dependencies</key>
			<array/>
			<key>isa</key>
			<string>PBXNativeTarget</string>
			<key>name</key>
			<string>Diamond</string>
			<key>productName</key>
			<string>Diamond</string>
			<key>productReference</key>
			<string>5D21E5DD156B6E9D00A0D042</string>
			<key>productType</key>
			<string>com.apple.product-type.application</string>
		</dict>
		<key>5D21E5DD156B6E9D00A0D042</key>
		<dict>
			<key>explicitFileType</key>
			<string>wrapper.application</string>
			<key>includeInIndex</key>
			<string>0</string>
			<key>isa</key>
			<string>PBXFileReference</string>
			<key>path</key>
			<string>Diamond.app</string>
			<key>sourceTree</key>
			<string>BUILT_PRODUCTS_DIR</string>
		</dict>
		<key>5D21E5DE156B6E9D00A0D042</key>
		<dict>
			<key>children</key>
			<array>
				<string>5D21E5DD156B6E9D00A0D042</string>
				<string>5D5634C81756FBF10069D13B</string>
			</array>
			<key>isa</key>
			<string>PBXGroup</string>
			<key>name</key>
			<string>Products</string>
			<key>sourceTree</key>
			<string>&lt;group&gt;</string>
		</dict>
		<key>5D21E5E0156B6E9D00A0D042</key>
		<dict>
			<key>children</key>
			<array>
				<string>5D21E5E1156B6E9D00A0D042</string>
				<string>5D21E5E3156B6E9D00A0D042</string>
				<string>5D21E5E5156B6E9D00A0D042</string>
				<string>5D21E60A156B6E9E00A0D042</string>
				<string>DE57E2FC40B14A768F832812</string>
				<string>370ED707B6D644FE9CDAF695</string>
				<string>8A9116D9F0164D348BEEDFE4</string>
			</array>
			<key>isa</key>
			<string>PBXGroup</string>
			<key>name</key>
			<string>Frameworks</string>
			<key>sourceTree</key>
			<string>&lt;group&gt;</string>
		</dict>
		<key>5D21E5E1156B6E9D00A0D042</key>
		<dict>
			<key>isa</key>
			<string>PBXFileReference</string>
			<key>lastKnownFileType</key>
			<string>wrapper.framework</string>
			<key>name</key>
			<string>UIKit.framework</string>
			<key>path</key>
			<string>System/Library/Frameworks/UIKit.framework</string>
			<key>sourceTree</key>
			<string>SDKROOT</string>
		</dict>
		<key>5D21E5E2156B6E9D00A0D042</key>
		<dict>
			<key>fileRef</key>
			<string>5D21E5E1156B6E9D00A0D042</string>
			<key>isa</key>
			<string>PBXBuildFile</string>
		</dict>
		<key>5D21E5E3156B6E9D00A0D042</key>
		<dict>
			<key>isa</key>
			<string>PBXFileReference</string>
			<key>lastKnownFileType</key>
			<string>wrapper.framework</string>
			<key>name</key>
			<string>Foundation.framework</string>
			<key>path</key>
			<string>System/Library/Frameworks/Foundation.framework</string>
			<key>sourceTree</key>
			<string>SDKROOT</string>
		</dict>
		<key>5D21E5E4156B6E9D00A0D042</key>
		<dict>
			<key>fileRef</key>
			<string>5D21E5E3156B6E9D00A0D042</string>
			<key>isa</key>
			<string>PBXBuildFile</string>
		</dict>
		<key>5D21E5E5156B6E9D00A0D042</key>
		<dict>
			<key>isa</key>
			<string>PBXFileReference</string>
			<key>lastKnownFileType</key>
			<string>wrapper.framework</string>
			<key>name</key>
			<string>CoreGraphics.framework</string>
			<key>path</key>
			<string>System/Library/Frameworks/CoreGraphics.framework</string>
			<key>sourceTree</key>
			<string>SDKROOT</string>
		</dict>
		<key>5D21E5E6156B6E9D00A0D042</key>
		<dict>
			<key>fileRef</key>
			<string>5D21E5E5156B6E9D00A0D042</string>
			<key>isa</key>
			<string>PBXBuildFile</string>
		</dict>
		<key>5D21E5E7156B6E9D00A0D042</key>
		<dict>
			<key>children</key>
			<array>
				<string>5DC259FB156D16CA007A5B2C</string>
				<string>5D21E5F3156B6E9D00A0D042</string>
				<string>5DC259FA156D15B9007A5B2C</string>
				<string>5D21E5E8156B6E9D00A0D042</string>
			</array>
			<key>isa</key>
			<string>PBXGroup</string>
			<key>path</key>
			<string>Diamond</string>
			<key>sourceTree</key>
			<string>&lt;group&gt;</string>
		</dict>
		<key>5D21E5E8156B6E9D00A0D042</key>
		<dict>
			<key>children</key>
			<array>
				<string>5D21E5E9156B6E9D00A0D042</string>
				<string>5D21E5EA156B6E9D00A0D042</string>
				<string>5D21E5ED156B6E9D00A0D042</string>
				<string>5D21E5EF156B6E9D00A0D042</string>
			</array>
			<key>isa</key>
			<string>PBXGroup</string>
			<key>name</key>
			<string>Supporting Files</string>
			<key>sourceTree</key>
			<string>&lt;group&gt;</string>
		</dict>
		<key>5D21E5E9156B6E9D00A0D042</key>
		<dict>
			<key>isa</key>
			<string>PBXFileReference</string>
			<key>lastKnownFileType</key>
			<string>text.plist.xml</string>
			<key>path</key>
			<string>Diamond-Info.plist</string>
			<key>sourceTree</key>
			<string>&lt;group&gt;</string>
		</dict>
		<key>5D21E5EA156B6E9D00A0D042</key>
		<dict>
			<key>children</key>
			<array>
				<string>5D21E5EB156B6E9D00A0D042</string>
			</array>
			<key>isa</key>
			<string>PBXVariantGroup</string>
			<key>name</key>
			<string>InfoPlist.strings</string>
			<key>sourceTree</key>
			<string>&lt;group&gt;</string>
		</dict>
		<key>5D21E5EB156B6E9D00A0D042</key>
		<dict>
			<key>isa</key>
			<string>PBXFileReference</string>
			<key>lastKnownFileType</key>
			<string>text.plist.strings</string>
			<key>name</key>
			<string>en</string>
			<key>path</key>
			<string>en.lproj/InfoPlist.strings</string>
			<key>sourceTree</key>
			<string>&lt;group&gt;</string>
		</dict>
		<key>5D21E5EC156B6E9D00A0D042</key>
		<dict>
			<key>fileRef</key>
			<string>5D21E5EA156B6E9D00A0D042</string>
			<key>isa</key>
			<string>PBXBuildFile</string>
		</dict>
		<key>5D21E5ED156B6E9D00A0D042</key>
		<dict>
			<key>isa</key>
			<string>PBXFileReference</string>
			<key>lastKnownFileType</key>
			<string>sourcecode.c.objc</string>
			<key>path</key>
			<string>main.m</string>
			<key>sourceTree</key>
			<string>&lt;group&gt;</string>
		</dict>
		<key>5D21E5EE156B6E9D00A0D042</key>
		<dict>
			<key>fileRef</key>
			<string>5D21E5ED156B6E9D00A0D042</string>
			<key>isa</key>
			<string>PBXBuildFile</string>
		</dict>
		<key>5D21E5EF156B6E9D00A0D042</key>
		<dict>
			<key>isa</key>
			<string>PBXFileReference</string>
			<key>lastKnownFileType</key>
			<string>sourcecode.c.h</string>
			<key>path</key>
			<string>Diamond-Prefix.pch</string>
			<key>sourceTree</key>
			<string>&lt;group&gt;</string>
		</dict>
		<key>5D21E5F0156B6E9D00A0D042</key>
		<dict>
			<key>isa</key>
			<string>PBXFileReference</string>
			<key>lastKnownFileType</key>
			<string>sourcecode.c.h</string>
			<key>path</key>
			<string>AppDelegate.h</string>
			<key>sourceTree</key>
			<string>&lt;group&gt;</string>
		</dict>
		<key>5D21E5F1156B6E9D00A0D042</key>
		<dict>
			<key>isa</key>
			<string>PBXFileReference</string>
			<key>lastKnownFileType</key>
			<string>sourcecode.c.objc</string>
			<key>path</key>
			<string>AppDelegate.m</string>
			<key>sourceTree</key>
			<string>&lt;group&gt;</string>
		</dict>
		<key>5D21E5F2156B6E9D00A0D042</key>
		<dict>
			<key>fileRef</key>
			<string>5D21E5F1156B6E9D00A0D042</string>
			<key>isa</key>
			<string>PBXBuildFile</string>
		</dict>
		<key>5D21E5F3156B6E9D00A0D042</key>
		<dict>
			<key>children</key>
			<array>
				<string>5D21E5F4156B6E9D00A0D042</string>
			</array>
			<key>isa</key>
			<string>PBXVariantGroup</string>
			<key>name</key>
			<string>MainStoryboard.storyboard</string>
			<key>sourceTree</key>
			<string>&lt;group&gt;</string>
		</dict>
		<key>5D21E5F4156B6E9D00A0D042</key>
		<dict>
			<key>isa</key>
			<string>PBXFileReference</string>
			<key>lastKnownFileType</key>
			<string>file.storyboard</string>
			<key>name</key>
			<string>en</string>
			<key>path</key>
			<string>en.lproj/MainStoryboard.storyboard</string>
			<key>sourceTree</key>
			<string>&lt;group&gt;</string>
		</dict>
		<key>5D21E5F5156B6E9D00A0D042</key>
		<dict>
			<key>fileRef</key>
			<string>5D21E5F3156B6E9D00A0D042</string>
			<key>isa</key>
			<string>PBXBuildFile</string>
		</dict>
		<key>5D21E60A156B6E9E00A0D042</key>
		<dict>
			<key>isa</key>
			<string>PBXFileReference</string>
			<key>lastKnownFileType</key>
			<string>wrapper.framework</string>
			<key>name</key>
			<string>SenTestingKit.framework</string>
			<key>path</key>
			<string>Library/Frameworks/SenTestingKit.framework</string>
			<key>sourceTree</key>
			<string>DEVELOPER_DIR</string>
		</dict>
		<key>5D21E619156B6E9E00A0D042</key>
		<dict>
			<key>buildSettings</key>
			<dict>
				<key>ALWAYS_SEARCH_USER_PATHS</key>
				<string>NO</string>
				<key>ARCHS</key>
				<string>$(ARCHS_STANDARD_32_BIT)</string>
				<key>CLANG_ENABLE_OBJC_ARC</key>
				<string>YES</string>
				<key>CODE_SIGN_IDENTITY[sdk=iphoneos*]</key>
				<string>iPhone Developer</string>
				<key>COPY_PHASE_STRIP</key>
				<string>NO</string>
				<key>GCC_C_LANGUAGE_STANDARD</key>
				<string>gnu99</string>
				<key>GCC_DYNAMIC_NO_PIC</key>
				<string>NO</string>
				<key>GCC_OPTIMIZATION_LEVEL</key>
				<string>0</string>
				<key>GCC_PREPROCESSOR_DEFINITIONS</key>
				<array>
					<string>DEBUG=1</string>
					<string>$(inherited)</string>
				</array>
				<key>GCC_SYMBOLS_PRIVATE_EXTERN</key>
				<string>NO</string>
				<key>GCC_VERSION</key>
				<string>com.apple.compilers.llvm.clang.1_0</string>
				<key>GCC_WARN_ABOUT_RETURN_TYPE</key>
				<string>YES</string>
				<key>GCC_WARN_UNINITIALIZED_AUTOS</key>
				<string>YES</string>
				<key>GCC_WARN_UNUSED_VARIABLE</key>
				<string>YES</string>
				<key>IPHONEOS_DEPLOYMENT_TARGET</key>
				<string>5.1</string>
				<key>SDKROOT</key>
				<string>iphoneos</string>
			</dict>
			<key>isa</key>
			<string>XCBuildConfiguration</string>
			<key>name</key>
			<string>Debug</string>
		</dict>
		<key>5D21E61A156B6E9E00A0D042</key>
		<dict>
			<key>buildSettings</key>
			<dict>
				<key>ALWAYS_SEARCH_USER_PATHS</key>
				<string>NO</string>
				<key>ARCHS</key>
				<string>$(ARCHS_STANDARD_32_BIT)</string>
				<key>CLANG_ENABLE_OBJC_ARC</key>
				<string>YES</string>
				<key>CODE_SIGN_IDENTITY[sdk=iphoneos*]</key>
				<string>iPhone Developer</string>
				<key>COPY_PHASE_STRIP</key>
				<string>YES</string>
				<key>GCC_C_LANGUAGE_STANDARD</key>
				<string>gnu99</string>
				<key>GCC_VERSION</key>
				<string>com.apple.compilers.llvm.clang.1_0</string>
				<key>GCC_WARN_ABOUT_RETURN_TYPE</key>
				<string>YES</string>
				<key>GCC_WARN_UNINITIALIZED_AUTOS</key>
				<string>YES</string>
				<key>GCC_WARN_UNUSED_VARIABLE</key>
				<string>YES</string>
				<key>IPHONEOS_DEPLOYMENT_TARGET</key>
				<string>5.1</string>
				<key>OTHER_CFLAGS</key>
				<string>-DNS_BLOCK_ASSERTIONS=1</string>
				<key>SDKROOT</key>
				<string>iphoneos</string>
				<key>VALIDATE_PRODUCT</key>
				<string>YES</string>
			</dict>
			<key>isa</key>
			<string>XCBuildConfiguration</string>
			<key>name</key>
			<string>Release</string>
		</dict>
		<key>5D21E61B156B6E9E00A0D042</key>
		<dict>
			<key>buildConfigurations</key>
			<array>
				<string>5D21E61C156B6E9E00A0D042</string>
				<string>5D21E61D156B6E9E00A0D042</string>
			</array>
			<key>defaultConfigurationIsVisible</key>
			<string>0</string>
			<key>defaultConfigurationName</key>
			<string>Release</string>
			<key>isa</key>
			<string>XCConfigurationList</string>
		</dict>
		<key>5D21E61C156B6E9E00A0D042</key>
		<dict>
			<key>baseConfigurationReference</key>
			<string>3CD92CD3DEE24080AE8EE68B</string>
			<key>buildSettings</key>
			<dict>
				<key>GCC_PRECOMPILE_PREFIX_HEADER</key>
				<string>YES</string>
				<key>GCC_PREFIX_HEADER</key>
				<string>Diamond/Diamond-Prefix.pch</string>
				<key>INFOPLIST_FILE</key>
				<string>Diamond/Diamond-Info.plist</string>
				<key>PRODUCT_NAME</key>
				<string>$(TARGET_NAME)</string>
				<key>WRAPPER_EXTENSION</key>
				<string>app</string>
			</dict>
			<key>isa</key>
			<string>XCBuildConfiguration</string>
			<key>name</key>
			<string>Debug</string>
		</dict>
		<key>5D21E61D156B6E9E00A0D042</key>
		<dict>
			<key>baseConfigurationReference</key>
			<string>3CD92CD3DEE24080AE8EE68B</string>
			<key>buildSettings</key>
			<dict>
				<key>GCC_PRECOMPILE_PREFIX_HEADER</key>
				<string>YES</string>
				<key>GCC_PREFIX_HEADER</key>
				<string>Diamond/Diamond-Prefix.pch</string>
				<key>INFOPLIST_FILE</key>
				<string>Diamond/Diamond-Info.plist</string>
				<key>PRODUCT_NAME</key>
				<string>$(TARGET_NAME)</string>
				<key>WRAPPER_EXTENSION</key>
				<string>app</string>
			</dict>
			<key>isa</key>
			<string>XCBuildConfiguration</string>
			<key>name</key>
			<string>Release</string>
		</dict>
		<key>5D21E62A156B86EA00A0D042</key>
		<dict>
			<key>fileEncoding</key>
			<string>4</string>
			<key>isa</key>
			<string>PBXFileReference</string>
			<key>lastKnownFileType</key>
			<string>sourcecode.c.h</string>
			<key>path</key>
			<string>UsersViewController.h</string>
			<key>sourceTree</key>
			<string>&lt;group&gt;</string>
		</dict>
		<key>5D21E62B156B86EA00A0D042</key>
		<dict>
			<key>fileEncoding</key>
			<string>4</string>
			<key>isa</key>
			<string>PBXFileReference</string>
			<key>lastKnownFileType</key>
			<string>sourcecode.c.objc</string>
			<key>path</key>
			<string>UsersViewController.m</string>
			<key>sourceTree</key>
			<string>&lt;group&gt;</string>
		</dict>
		<key>5D21E62C156B86EA00A0D042</key>
		<dict>
			<key>fileRef</key>
			<string>5D21E62B156B86EA00A0D042</string>
			<key>isa</key>
			<string>PBXBuildFile</string>
		</dict>
		<key>5D247515175789AD00C5BFC9</key>
		<dict>
			<key>fileEncoding</key>
			<string>4</string>
			<key>isa</key>
			<string>PBXFileReference</string>
			<key>lastKnownFileType</key>
			<string>sourcecode.c.objc</string>
			<key>path</key>
			<string>TopicModelSpec.m</string>
			<key>sourceTree</key>
			<string>&lt;group&gt;</string>
		</dict>
		<key>5D247516175789AD00C5BFC9</key>
		<dict>
			<key>fileRef</key>
			<string>5D247515175789AD00C5BFC9</string>
			<key>isa</key>
			<string>PBXBuildFile</string>
		</dict>
		<key>5D24751817578A0D00C5BFC9</key>
		<dict>
			<key>fileEncoding</key>
			<string>4</string>
			<key>isa</key>
			<string>PBXFileReference</string>
			<key>lastKnownFileType</key>
			<string>sourcecode.c.objc</string>
			<key>path</key>
			<string>NodeModelSpec.m</string>
			<key>sourceTree</key>
			<string>&lt;group&gt;</string>
		</dict>
		<key>5D24751917578A0D00C5BFC9</key>
		<dict>
			<key>fileRef</key>
			<string>5D24751817578A0D00C5BFC9</string>
			<key>isa</key>
			<string>PBXBuildFile</string>
		</dict>
		<key>5D425DBD156E92B400217F70</key>
		<dict>
			<key>isa</key>
			<string>PBXFileReference</string>
			<key>lastKnownFileType</key>
			<string>image.png</string>
			<key>path</key>
			<string>Icon.png</string>
			<key>sourceTree</key>
			<string>&lt;group&gt;</string>
		</dict>
		<key>5D425DBE156E92B400217F70</key>
		<dict>
			<key>isa</key>
			<string>PBXFileReference</string>
			<key>lastKnownFileType</key>
			<string>image.png</string>
			<key>path</key>
			<string>Icon@2x.png</string>
			<key>sourceTree</key>
			<string>&lt;group&gt;</string>
		</dict>
		<key>5D425DBF156E92B400217F70</key>
		<dict>
			<key>fileRef</key>
			<string>5D425DBD156E92B400217F70</string>
			<key>isa</key>
			<string>PBXBuildFile</string>
		</dict>
		<key>5D425DC0156E92B400217F70</key>
		<dict>
			<key>fileRef</key>
			<string>5D425DBE156E92B400217F70</string>
			<key>isa</key>
			<string>PBXBuildFile</string>
		</dict>
		<key>5D5634C31756FBF10069D13B</key>
		<dict>
			<key>buildActionMask</key>
			<string>2147483647</string>
			<key>files</key>
			<array>
				<string>5D5634DC1756FC890069D13B</string>
				<string>5D03AA5D1756FEAB00F4AF1F</string>
				<string>5D247516175789AD00C5BFC9</string>
				<string>5D24751917578A0D00C5BFC9</string>
			</array>
			<key>isa</key>
			<string>PBXSourcesBuildPhase</string>
			<key>runOnlyForDeploymentPostprocessing</key>
			<string>0</string>
		</dict>
		<key>5D5634C41756FBF10069D13B</key>
		<dict>
			<key>buildActionMask</key>
			<string>2147483647</string>
			<key>files</key>
			<array>
				<string>5D5634C91756FBF10069D13B</string>
				<string>5D5634CA1756FBF10069D13B</string>
				<string>5D5634CB1756FBF10069D13B</string>
				<string>2E2467E1F5774E7BBD19892E</string>
			</array>
			<key>isa</key>
			<string>PBXFrameworksBuildPhase</string>
			<key>runOnlyForDeploymentPostprocessing</key>
			<string>0</string>
		</dict>
		<key>5D5634C51756FBF10069D13B</key>
		<dict>
			<key>buildActionMask</key>
			<string>2147483647</string>
			<key>files</key>
			<array>
				<string>5D5634D11756FBF10069D13B</string>
			</array>
			<key>isa</key>
			<string>PBXResourcesBuildPhase</string>
			<key>runOnlyForDeploymentPostprocessing</key>
			<string>0</string>
		</dict>
		<key>5D5634C61756FBF10069D13B</key>
		<dict>
			<key>buildActionMask</key>
			<string>2147483647</string>
			<key>files</key>
			<array/>
			<key>inputPaths</key>
			<array/>
			<key>isa</key>
			<string>PBXShellScriptBuildPhase</string>
			<key>outputPaths</key>
			<array/>
			<key>runOnlyForDeploymentPostprocessing</key>
			<string>0</string>
			<key>shellPath</key>
			<string>/bin/sh</string>
			<key>shellScript</key>
			<string># Run the unit tests in this test bundle.
"${SYSTEM_DEVELOPER_DIR}/Tools/RunUnitTests"
</string>
		</dict>
		<key>5D5634C71756FBF10069D13B</key>
		<dict>
			<key>buildConfigurationList</key>
			<string>5D5634D61756FBF10069D13B</string>
			<key>buildPhases</key>
			<array>
				<string>C632E2448B4B4BBF9A85AD73</string>
				<string>5D5634C31756FBF10069D13B</string>
				<string>5D5634C41756FBF10069D13B</string>
				<string>5D5634C51756FBF10069D13B</string>
				<string>5D5634C61756FBF10069D13B</string>
				<string>2F0CEE153AC74FCBAC5CC27B</string>
			</array>
			<key>buildRules</key>
			<array/>
			<key>dependencies</key>
			<array>
				<string>5D03AA6117570AEF00F4AF1F</string>
			</array>
			<key>isa</key>
			<string>PBXNativeTarget</string>
			<key>name</key>
			<string>DiamondTests</string>
			<key>productName</key>
			<string>DiamondTests</string>
			<key>productReference</key>
			<string>5D5634C81756FBF10069D13B</string>
			<key>productType</key>
			<string>com.apple.product-type.bundle</string>
		</dict>
		<key>5D5634C81756FBF10069D13B</key>
		<dict>
			<key>explicitFileType</key>
			<string>wrapper.cfbundle</string>
			<key>includeInIndex</key>
			<string>0</string>
			<key>isa</key>
			<string>PBXFileReference</string>
			<key>path</key>
			<string>DiamondTests.octest</string>
			<key>sourceTree</key>
			<string>BUILT_PRODUCTS_DIR</string>
		</dict>
		<key>5D5634C91756FBF10069D13B</key>
		<dict>
			<key>fileRef</key>
			<string>5D21E60A156B6E9E00A0D042</string>
			<key>isa</key>
			<string>PBXBuildFile</string>
		</dict>
		<key>5D5634CA1756FBF10069D13B</key>
		<dict>
			<key>fileRef</key>
			<string>5D21E5E1156B6E9D00A0D042</string>
			<key>isa</key>
			<string>PBXBuildFile</string>
		</dict>
		<key>5D5634CB1756FBF10069D13B</key>
		<dict>
			<key>fileRef</key>
			<string>5D21E5E3156B6E9D00A0D042</string>
			<key>isa</key>
			<string>PBXBuildFile</string>
		</dict>
		<key>5D5634CC1756FBF10069D13B</key>
		<dict>
			<key>children</key>
			<array>
				<string>5D5634D91756FC6D0069D13B</string>
				<string>5D5634CD1756FBF10069D13B</string>
				<string>5D03AA5B1756FEAB00F4AF1F</string>
				<string>5D03AA5C1756FEAB00F4AF1F</string>
			</array>
			<key>isa</key>
			<string>PBXGroup</string>
			<key>path</key>
			<string>DiamondTests</string>
			<key>sourceTree</key>
			<string>&lt;group&gt;</string>
		</dict>
		<key>5D5634CD1756FBF10069D13B</key>
		<dict>
			<key>children</key>
			<array>
				<string>5D5634CE1756FBF10069D13B</string>
				<string>5D5634CF1756FBF10069D13B</string>
				<string>5D5634D51756FBF10069D13B</string>
			</array>
			<key>isa</key>
			<string>PBXGroup</string>
			<key>name</key>
			<string>Supporting Files</string>
			<key>sourceTree</key>
			<string>&lt;group&gt;</string>
		</dict>
		<key>5D5634CE1756FBF10069D13B</key>
		<dict>
			<key>isa</key>
			<string>PBXFileReference</string>
			<key>lastKnownFileType</key>
			<string>text.plist.xml</string>
			<key>path</key>
			<string>DiamondTests-Info.plist</string>
			<key>sourceTree</key>
			<string>&lt;group&gt;</string>
		</dict>
		<key>5D5634CF1756FBF10069D13B</key>
		<dict>
			<key>children</key>
			<array>
				<string>5D5634D01756FBF10069D13B</string>
			</array>
			<key>isa</key>
			<string>PBXVariantGroup</string>
			<key>name</key>
			<string>InfoPlist.strings</string>
			<key>sourceTree</key>
			<string>&lt;group&gt;</string>
		</dict>
		<key>5D5634D01756FBF10069D13B</key>
		<dict>
			<key>isa</key>
			<string>PBXFileReference</string>
			<key>lastKnownFileType</key>
			<string>text.plist.strings</string>
			<key>name</key>
			<string>en</string>
			<key>path</key>
			<string>en.lproj/InfoPlist.strings</string>
			<key>sourceTree</key>
			<string>&lt;group&gt;</string>
		</dict>
		<key>5D5634D11756FBF10069D13B</key>
		<dict>
			<key>fileRef</key>
			<string>5D5634CF1756FBF10069D13B</string>
			<key>isa</key>
			<string>PBXBuildFile</string>
		</dict>
		<key>5D5634D51756FBF10069D13B</key>
		<dict>
			<key>isa</key>
			<string>PBXFileReference</string>
			<key>lastKnownFileType</key>
			<string>sourcecode.c.h</string>
			<key>path</key>
			<string>DiamondTests-Prefix.pch</string>
			<key>sourceTree</key>
			<string>&lt;group&gt;</string>
		</dict>
		<key>5D5634D61756FBF10069D13B</key>
		<dict>
			<key>buildConfigurations</key>
			<array>
				<string>5D5634D71756FBF10069D13B</string>
				<string>5D5634D81756FBF10069D13B</string>
			</array>
			<key>defaultConfigurationIsVisible</key>
			<string>0</string>
			<key>defaultConfigurationName</key>
			<string>Release</string>
			<key>isa</key>
			<string>XCConfigurationList</string>
		</dict>
		<key>5D5634D71756FBF10069D13B</key>
		<dict>
			<key>baseConfigurationReference</key>
			<string>A4EE263571004AC8ADA69308</string>
			<key>buildSettings</key>
			<dict>
				<key>BUNDLE_LOADER</key>
				<string>$(BUILT_PRODUCTS_DIR)/Diamond.app/Diamond</string>
				<key>CLANG_CXX_LANGUAGE_STANDARD</key>
				<string>gnu++0x</string>
				<key>CLANG_CXX_LIBRARY</key>
				<string>libc++</string>
				<key>CLANG_WARN_CONSTANT_CONVERSION</key>
				<string>YES</string>
				<key>CLANG_WARN_EMPTY_BODY</key>
				<string>YES</string>
				<key>CLANG_WARN_ENUM_CONVERSION</key>
				<string>YES</string>
				<key>CLANG_WARN_INT_CONVERSION</key>
				<string>YES</string>
				<key>CLANG_WARN__DUPLICATE_METHOD_MATCH</key>
				<string>YES</string>
				<key>FRAMEWORK_SEARCH_PATHS</key>
				<string>$(inherited)</string>
				<key>GCC_PRECOMPILE_PREFIX_HEADER</key>
				<string>YES</string>
				<key>GCC_PREFIX_HEADER</key>
				<string>DiamondTests/DiamondTests-Prefix.pch</string>
				<key>INFOPLIST_FILE</key>
				<string>DiamondTests/DiamondTests-Info.plist</string>
				<key>IPHONEOS_DEPLOYMENT_TARGET</key>
				<string>6.1</string>
				<key>ONLY_ACTIVE_ARCH</key>
				<string>YES</string>
				<key>PRODUCT_NAME</key>
				<string>$(TARGET_NAME)</string>
				<key>TEST_HOST</key>
				<string>$(BUNDLE_LOADER)</string>
				<key>WRAPPER_EXTENSION</key>
				<string>octest</string>
			</dict>
			<key>isa</key>
			<string>XCBuildConfiguration</string>
			<key>name</key>
			<string>Debug</string>
		</dict>
		<key>5D5634D81756FBF10069D13B</key>
		<dict>
			<key>baseConfigurationReference</key>
			<string>A4EE263571004AC8ADA69308</string>
			<key>buildSettings</key>
			<dict>
				<key>BUNDLE_LOADER</key>
				<string>$(BUILT_PRODUCTS_DIR)/Diamond.app/Diamond</string>
				<key>CLANG_CXX_LANGUAGE_STANDARD</key>
				<string>gnu++0x</string>
				<key>CLANG_CXX_LIBRARY</key>
				<string>libc++</string>
				<key>CLANG_WARN_CONSTANT_CONVERSION</key>
				<string>YES</string>
				<key>CLANG_WARN_EMPTY_BODY</key>
				<string>YES</string>
				<key>CLANG_WARN_ENUM_CONVERSION</key>
				<string>YES</string>
				<key>CLANG_WARN_INT_CONVERSION</key>
				<string>YES</string>
				<key>CLANG_WARN__DUPLICATE_METHOD_MATCH</key>
				<string>YES</string>
				<key>FRAMEWORK_SEARCH_PATHS</key>
				<string>$(inherited)</string>
				<key>GCC_PRECOMPILE_PREFIX_HEADER</key>
				<string>YES</string>
				<key>GCC_PREFIX_HEADER</key>
				<string>DiamondTests/DiamondTests-Prefix.pch</string>
				<key>INFOPLIST_FILE</key>
				<string>DiamondTests/DiamondTests-Info.plist</string>
				<key>IPHONEOS_DEPLOYMENT_TARGET</key>
				<string>6.1</string>
				<key>PRODUCT_NAME</key>
				<string>$(TARGET_NAME)</string>
				<key>TEST_HOST</key>
				<string>$(BUNDLE_LOADER)</string>
				<key>WRAPPER_EXTENSION</key>
				<string>octest</string>
			</dict>
			<key>isa</key>
			<string>XCBuildConfiguration</string>
			<key>name</key>
			<string>Release</string>
		</dict>
		<key>5D5634D91756FC6D0069D13B</key>
		<dict>
			<key>children</key>
			<array>
				<string>5D5634DB1756FC890069D13B</string>
				<string>5D247515175789AD00C5BFC9</string>
				<string>5D24751817578A0D00C5BFC9</string>
			</array>
			<key>isa</key>
			<string>PBXGroup</string>
			<key>name</key>
			<string>Models</string>
			<key>sourceTree</key>
			<string>&lt;group&gt;</string>
		</dict>
		<key>5D5634DB1756FC890069D13B</key>
		<dict>
			<key>fileEncoding</key>
			<string>4</string>
			<key>isa</key>
			<string>PBXFileReference</string>
			<key>lastKnownFileType</key>
			<string>sourcecode.c.objc</string>
			<key>path</key>
			<string>UserModelSpec.m</string>
			<key>sourceTree</key>
			<string>&lt;group&gt;</string>
		</dict>
		<key>5D5634DC1756FC890069D13B</key>
		<dict>
			<key>fileRef</key>
			<string>5D5634DB1756FC890069D13B</string>
			<key>isa</key>
			<string>PBXBuildFile</string>
		</dict>
		<key>5D5826AC156E1FA40090607E</key>
		<dict>
			<key>fileEncoding</key>
			<string>4</string>
			<key>isa</key>
			<string>PBXFileReference</string>
			<key>lastKnownFileType</key>
			<string>sourcecode.c.h</string>
			<key>path</key>
			<string>TopicDetailsViewController.h</string>
			<key>sourceTree</key>
			<string>&lt;group&gt;</string>
		</dict>
		<key>5D5826AD156E1FA40090607E</key>
		<dict>
			<key>fileEncoding</key>
			<string>4</string>
			<key>isa</key>
			<string>PBXFileReference</string>
			<key>lastKnownFileType</key>
			<string>sourcecode.c.objc</string>
			<key>path</key>
			<string>TopicDetailsViewController.m</string>
			<key>sourceTree</key>
			<string>&lt;group&gt;</string>
		</dict>
		<key>5D5826AE156E1FA40090607E</key>
		<dict>
			<key>fileRef</key>
			<string>5D5826AD156E1FA40090607E</string>
			<key>isa</key>
			<string>PBXBuildFile</string>
		</dict>
		<key>5D602F49156C720800135F5A</key>
		<dict>
			<key>fileEncoding</key>
			<string>4</string>
			<key>isa</key>
			<string>PBXFileReference</string>
			<key>lastKnownFileType</key>
			<string>sourcecode.c.h</string>
			<key>path</key>
			<string>TopicsViewController.h</string>
			<key>sourceTree</key>
			<string>&lt;group&gt;</string>
		</dict>
		<key>5D602F4A156C720800135F5A</key>
		<dict>
			<key>fileEncoding</key>
			<string>4</string>
			<key>isa</key>
			<string>PBXFileReference</string>
			<key>lastKnownFileType</key>
			<string>sourcecode.c.objc</string>
			<key>path</key>
			<string>TopicsViewController.m</string>
			<key>sourceTree</key>
			<string>&lt;group&gt;</string>
		</dict>
		<key>5D602F4B156C720800135F5A</key>
		<dict>
			<key>fileRef</key>
			<string>5D602F4A156C720800135F5A</string>
			<key>isa</key>
			<string>PBXBuildFile</string>
		</dict>
		<key>5DBEAD71156CCD0C003B639C</key>
		<dict>
			<key>children</key>
			<array>
				<string>5D5826AC156E1FA40090607E</string>
				<string>5D5826AD156E1FA40090607E</string>
				<string>5D21E62A156B86EA00A0D042</string>
				<string>5D21E62B156B86EA00A0D042</string>
				<string>5D602F49156C720800135F5A</string>
				<string>5D602F4A156C720800135F5A</string>
				<string>5DFA45AD156CB919002059D9</string>
				<string>5DFA45AE156CB919002059D9</string>
			</array>
			<key>isa</key>
			<string>PBXGroup</string>
			<key>name</key>
			<string>Controllers</string>
			<key>sourceTree</key>
			<string>&lt;group&gt;</string>
		</dict>
		<key>5DC259F8156D1585007A5B2C</key>
		<dict>
			<key>children</key>
			<array>
				<string>5DFA45A6156C9ADC002059D9</string>
				<string>5DFA45A7156C9ADC002059D9</string>
				<string>5DFA45AA156CB58B002059D9</string>
				<string>5DFA45AB156CB58B002059D9</string>
				<string>5DFA45B0156CBA36002059D9</string>
				<string>5DFA45B1156CBA36002059D9</string>
			</array>
			<key>isa</key>
			<string>PBXGroup</string>
			<key>name</key>
			<string>Models</string>
			<key>sourceTree</key>
			<string>&lt;group&gt;</string>
		</dict>
		<key>5DC259FA156D15B9007A5B2C</key>
		<dict>
			<key>children</key>
			<array>
				<string>5D425DBD156E92B400217F70</string>
				<string>5D425DBE156E92B400217F70</string>
			</array>
			<key>isa</key>
			<string>PBXGroup</string>
			<key>name</key>
			<string>Resources</string>
			<key>sourceTree</key>
			<string>&lt;group&gt;</string>
		</dict>
		<key>5DC259FB156D16CA007A5B2C</key>
		<dict>
			<key>children</key>
			<array>
				<string>5D21E5F0156B6E9D00A0D042</string>
				<string>5D21E5F1156B6E9D00A0D042</string>
				<string>5DC259F8156D1585007A5B2C</string>
				<string>5DBEAD71156CCD0C003B639C</string>
			</array>
			<key>isa</key>
			<string>PBXGroup</string>
			<key>name</key>
			<string>Classes</string>
			<key>sourceTree</key>
			<string>&lt;group&gt;</string>
		</dict>
		<key>5DFA45A6156C9ADC002059D9</key>
		<dict>
			<key>fileEncoding</key>
			<string>4</string>
			<key>isa</key>
			<string>PBXFileReference</string>
			<key>lastKnownFileType</key>
			<string>sourcecode.c.h</string>
			<key>path</key>
			<string>UserModel.h</string>
			<key>sourceTree</key>
			<string>&lt;group&gt;</string>
		</dict>
		<key>5DFA45A7156C9ADC002059D9</key>
		<dict>
			<key>fileEncoding</key>
			<string>4</string>
			<key>isa</key>
			<string>PBXFileReference</string>
			<key>lastKnownFileType</key>
			<string>sourcecode.c.objc</string>
			<key>path</key>
			<string>UserModel.m</string>
			<key>sourceTree</key>
			<string>&lt;group&gt;</string>
		</dict>
		<key>5DFA45A8156C9ADC002059D9</key>
		<dict>
			<key>fileRef</key>
			<string>5DFA45A7156C9ADC002059D9</string>
			<key>isa</key>
			<string>PBXBuildFile</string>
		</dict>
		<key>5DFA45AA156CB58B002059D9</key>
		<dict>
			<key>fileEncoding</key>
			<string>4</string>
			<key>isa</key>
			<string>PBXFileReference</string>
			<key>lastKnownFileType</key>
			<string>sourcecode.c.h</string>
			<key>path</key>
			<string>TopicModel.h</string>
			<key>sourceTree</key>
			<string>&lt;group&gt;</string>
		</dict>
		<key>5DFA45AB156CB58B002059D9</key>
		<dict>
			<key>fileEncoding</key>
			<string>4</string>
			<key>isa</key>
			<string>PBXFileReference</string>
			<key>lastKnownFileType</key>
			<string>sourcecode.c.objc</string>
			<key>path</key>
			<string>TopicModel.m</string>
			<key>sourceTree</key>
			<string>&lt;group&gt;</string>
		</dict>
		<key>5DFA45AC156CB58B002059D9</key>
		<dict>
			<key>fileRef</key>
			<string>5DFA45AB156CB58B002059D9</string>
			<key>isa</key>
			<string>PBXBuildFile</string>
		</dict>
		<key>5DFA45AD156CB919002059D9</key>
		<dict>
			<key>fileEncoding</key>
			<string>4</string>
			<key>isa</key>
			<string>PBXFileReference</string>
			<key>lastKnownFileType</key>
			<string>sourcecode.c.h</string>
			<key>path</key>
			<string>NodesViewController.h</string>
			<key>sourceTree</key>
			<string>&lt;group&gt;</string>
		</dict>
		<key>5DFA45AE156CB919002059D9</key>
		<dict>
			<key>fileEncoding</key>
			<string>4</string>
			<key>isa</key>
			<string>PBXFileReference</string>
			<key>lastKnownFileType</key>
			<string>sourcecode.c.objc</string>
			<key>path</key>
			<string>NodesViewController.m</string>
			<key>sourceTree</key>
			<string>&lt;group&gt;</string>
		</dict>
		<key>5DFA45AF156CB919002059D9</key>
		<dict>
			<key>fileRef</key>
			<string>5DFA45AE156CB919002059D9</string>
			<key>isa</key>
			<string>PBXBuildFile</string>
		</dict>
		<key>5DFA45B0156CBA36002059D9</key>
		<dict>
			<key>fileEncoding</key>
			<string>4</string>
			<key>isa</key>
			<string>PBXFileReference</string>
			<key>lastKnownFileType</key>
			<string>sourcecode.c.h</string>
			<key>path</key>
			<string>NodeModel.h</string>
			<key>sourceTree</key>
			<string>&lt;group&gt;</string>
		</dict>
		<key>5DFA45B1156CBA36002059D9</key>
		<dict>
			<key>fileEncoding</key>
			<string>4</string>
			<key>isa</key>
			<string>PBXFileReference</string>
			<key>lastKnownFileType</key>
			<string>sourcecode.c.objc</string>
			<key>path</key>
			<string>NodeModel.m</string>
			<key>sourceTree</key>
			<string>&lt;group&gt;</string>
		</dict>
		<key>5DFA45B2156CBA36002059D9</key>
		<dict>
			<key>fileRef</key>
			<string>5DFA45B1156CBA36002059D9</string>
			<key>isa</key>
			<string>PBXBuildFile</string>
		</dict>
		<key>69351CC69FD9464185937E6A</key>
		<dict>
			<key>fileRef</key>
			<string>8A9116D9F0164D348BEEDFE4</string>
			<key>isa</key>
			<string>PBXBuildFile</string>
			<key>settings</key>
			<dict/>
		</dict>
		<key>8A9116D9F0164D348BEEDFE4</key>
		<dict>
			<key>explicitFileType</key>
			<string>archive.ar</string>
			<key>includeInIndex</key>
			<string>0</string>
			<key>isa</key>
			<string>PBXFileReference</string>
			<key>name</key>
			<string>libPods.a</string>
			<key>path</key>
			<string>libPods.a</string>
			<key>sourceTree</key>
			<string>BUILT_PRODUCTS_DIR</string>
		</dict>
		<key>A4EE263571004AC8ADA69308</key>
		<dict>
			<key>includeInIndex</key>
			<string>1</string>
			<key>isa</key>
			<string>PBXFileReference</string>
			<key>lastKnownFileType</key>
			<string>text.xcconfig</string>
			<key>name</key>
			<string>Pods-DiamondTests.xcconfig</string>
			<key>path</key>
			<string>Pods/Pods-DiamondTests.xcconfig</string>
			<key>sourceTree</key>
			<string>SOURCE_ROOT</string>
		</dict>
		<key>C632E2448B4B4BBF9A85AD73</key>
		<dict>
			<key>buildActionMask</key>
			<string>2147483647</string>
			<key>files</key>
			<array/>
			<key>inputPaths</key>
			<array/>
			<key>isa</key>
			<string>PBXShellScriptBuildPhase</string>
			<key>name</key>
			<string>Check Pods Manifest.lock</string>
			<key>outputPaths</key>
			<array/>
			<key>runOnlyForDeploymentPostprocessing</key>
			<string>0</string>
			<key>shellPath</key>
			<string>/bin/sh</string>
			<key>shellScript</key>
			<string>diff "${PODS_ROOT}/../Podfile.lock" "${PODS_ROOT}/Manifest.lock" &gt; /dev/null
if [[ $? != 0 ]] ; then
    cat &lt;&lt; EOM
error: The sandbox is not in sync with the Podfile.lock. Run 'pod install' or update your CocoaPods installation.
EOM
    exit 1
fi
</string>
		</dict>
		<key>DE57E2FC40B14A768F832812</key>
		<dict>
			<key>explicitFileType</key>
			<string>archive.ar</string>
			<key>includeInIndex</key>
			<string>0</string>
			<key>isa</key>
			<string>PBXFileReference</string>
			<key>path</key>
			<string>libPods-DiamondTests.a</string>
			<key>sourceTree</key>
			<string>BUILT_PRODUCTS_DIR</string>
		</dict>
	</dict>
	<key>rootObject</key>
	<string>5D21E5D4156B6E9D00A0D042</string>
</dict>
</plist>
