// !$*UTF8*$!
{
	archiveVersion = 1;
	classes = {
	};
	objectVersion = 46;
	objects = {

/* Begin PBXBuildFile section */
		2E2467E1F5774E7BBD19892E /* libPods-DiamondTests.a in Frameworks */ = {isa = PBXBuildFile; fileRef = 370ED707B6D644FE9CDAF695 /* libPods-DiamondTests.a */; };
		5D03AA5D1756FEAB00F4AF1F /* TestHelper.m in Sources */ = {isa = PBXBuildFile; fileRef = 5D03AA5C1756FEAB00F4AF1F /* TestHelper.m */; };
		5D21E5E2156B6E9D00A0D042 /* UIKit.framework in Frameworks */ = {isa = PBXBuildFile; fileRef = 5D21E5E1156B6E9D00A0D042 /* UIKit.framework */; };
		5D21E5E4156B6E9D00A0D042 /* Foundation.framework in Frameworks */ = {isa = PBXBuildFile; fileRef = 5D21E5E3156B6E9D00A0D042 /* Foundation.framework */; };
		5D21E5E6156B6E9D00A0D042 /* CoreGraphics.framework in Frameworks */ = {isa = PBXBuildFile; fileRef = 5D21E5E5156B6E9D00A0D042 /* CoreGraphics.framework */; };
		5D21E5EC156B6E9D00A0D042 /* InfoPlist.strings in Resources */ = {isa = PBXBuildFile; fileRef = 5D21E5EA156B6E9D00A0D042 /* InfoPlist.strings */; };
		5D21E5EE156B6E9D00A0D042 /* main.m in Sources */ = {isa = PBXBuildFile; fileRef = 5D21E5ED156B6E9D00A0D042 /* main.m */; };
		5D21E5F2156B6E9D00A0D042 /* AppDelegate.m in Sources */ = {isa = PBXBuildFile; fileRef = 5D21E5F1156B6E9D00A0D042 /* AppDelegate.m */; };
		5D21E5F5156B6E9D00A0D042 /* MainStoryboard.storyboard in Resources */ = {isa = PBXBuildFile; fileRef = 5D21E5F3156B6E9D00A0D042 /* MainStoryboard.storyboard */; };
		5D21E62C156B86EA00A0D042 /* UsersViewController.m in Sources */ = {isa = PBXBuildFile; fileRef = 5D21E62B156B86EA00A0D042 /* UsersViewController.m */; };
		5D247516175789AD00C5BFC9 /* TopicModelSpec.m in Sources */ = {isa = PBXBuildFile; fileRef = 5D247515175789AD00C5BFC9 /* TopicModelSpec.m */; };
		5D24751917578A0D00C5BFC9 /* NodeModelSpec.m in Sources */ = {isa = PBXBuildFile; fileRef = 5D24751817578A0D00C5BFC9 /* NodeModelSpec.m */; };
		5D425DBF156E92B400217F70 /* Icon.png in Resources */ = {isa = PBXBuildFile; fileRef = 5D425DBD156E92B400217F70 /* Icon.png */; };
		5D425DC0156E92B400217F70 /* Icon@2x.png in Resources */ = {isa = PBXBuildFile; fileRef = 5D425DBE156E92B400217F70 /* Icon@2x.png */; };
		5D5634C91756FBF10069D13B /* SenTestingKit.framework in Frameworks */ = {isa = PBXBuildFile; fileRef = 5D21E60A156B6E9E00A0D042 /* SenTestingKit.framework */; };
		5D5634CA1756FBF10069D13B /* UIKit.framework in Frameworks */ = {isa = PBXBuildFile; fileRef = 5D21E5E1156B6E9D00A0D042 /* UIKit.framework */; };
		5D5634CB1756FBF10069D13B /* Foundation.framework in Frameworks */ = {isa = PBXBuildFile; fileRef = 5D21E5E3156B6E9D00A0D042 /* Foundation.framework */; };
		5D5634D11756FBF10069D13B /* InfoPlist.strings in Resources */ = {isa = PBXBuildFile; fileRef = 5D5634CF1756FBF10069D13B /* InfoPlist.strings */; };
		5D5634DC1756FC890069D13B /* UserModelSpec.m in Sources */ = {isa = PBXBuildFile; fileRef = 5D5634DB1756FC890069D13B /* UserModelSpec.m */; };
		5D5826AE156E1FA40090607E /* TopicDetailsViewController.m in Sources */ = {isa = PBXBuildFile; fileRef = 5D5826AD156E1FA40090607E /* TopicDetailsViewController.m */; };
		5D602F4B156C720800135F5A /* TopicsViewController.m in Sources */ = {isa = PBXBuildFile; fileRef = 5D602F4A156C720800135F5A /* TopicsViewController.m */; };
		5D9B7BEC1761C8CB000072EE /* AppHelper.m in Sources */ = {isa = PBXBuildFile; fileRef = 5D9B7BEB1761C8CA000072EE /* AppHelper.m */; };
		5D9B7BF61761CD67000072EE /* BaseModel.m in Sources */ = {isa = PBXBuildFile; fileRef = 5D9B7BF51761CD67000072EE /* BaseModel.m */; };
		5DD0CA14175DE8E700A1F809 /* Default-568h@2x.png in Resources */ = {isa = PBXBuildFile; fileRef = 5DD0CA13175DE8E700A1F809 /* Default-568h@2x.png */; };
		5DFA45A8156C9ADC002059D9 /* UserModel.m in Sources */ = {isa = PBXBuildFile; fileRef = 5DFA45A7156C9ADC002059D9 /* UserModel.m */; };
		5DFA45AC156CB58B002059D9 /* TopicModel.m in Sources */ = {isa = PBXBuildFile; fileRef = 5DFA45AB156CB58B002059D9 /* TopicModel.m */; };
		5DFA45AF156CB919002059D9 /* NodesViewController.m in Sources */ = {isa = PBXBuildFile; fileRef = 5DFA45AE156CB919002059D9 /* NodesViewController.m */; };
		5DFA45B2156CBA36002059D9 /* NodeModel.m in Sources */ = {isa = PBXBuildFile; fileRef = 5DFA45B1156CBA36002059D9 /* NodeModel.m */; };
		69351CC69FD9464185937E6A /* libPods.a in Frameworks */ = {isa = PBXBuildFile; fileRef = 8A9116D9F0164D348BEEDFE4 /* libPods.a */; };
/* End PBXBuildFile section */

/* Begin PBXContainerItemProxy section */
		5D03AA6017570AEF00F4AF1F /* PBXContainerItemProxy */ = {
			isa = PBXContainerItemProxy;
			containerPortal = 5D21E5D4156B6E9D00A0D042 /* Project object */;
			proxyType = 1;
			remoteGlobalIDString = 5D21E5DC156B6E9D00A0D042;
			remoteInfo = Diamond;
		};
/* End PBXContainerItemProxy section */

/* Begin PBXFileReference section */
		2167290244C74396BFA6BAAD /* Pods-DiamondTests.xcconfig */ = {isa = PBXFileReference; includeInIndex = 1; lastKnownFileType = text.xcconfig; name = "Pods-DiamondTests.xcconfig"; path = "Pods/Pods-DiamondTests.xcconfig"; sourceTree = SOURCE_ROOT; };
		370ED707B6D644FE9CDAF695 /* libPods-DiamondTests.a */ = {isa = PBXFileReference; explicitFileType = archive.ar; includeInIndex = 0; path = "libPods-DiamondTests.a"; sourceTree = BUILT_PRODUCTS_DIR; };
		3CD92CD3DEE24080AE8EE68B /* Pods.xcconfig */ = {isa = PBXFileReference; includeInIndex = 1; lastKnownFileType = text.xcconfig; name = Pods.xcconfig; path = Pods/Pods.xcconfig; sourceTree = SOURCE_ROOT; };
		5D03AA5B1756FEAB00F4AF1F /* TestHelper.h */ = {isa = PBXFileReference; fileEncoding = 4; lastKnownFileType = sourcecode.c.h; path = TestHelper.h; sourceTree = "<group>"; };
		5D03AA5C1756FEAB00F4AF1F /* TestHelper.m */ = {isa = PBXFileReference; fileEncoding = 4; lastKnownFileType = sourcecode.c.objc; path = TestHelper.m; sourceTree = "<group>"; };
		5D21E5DD156B6E9D00A0D042 /* Diamond.app */ = {isa = PBXFileReference; explicitFileType = wrapper.application; includeInIndex = 0; path = Diamond.app; sourceTree = BUILT_PRODUCTS_DIR; };
		5D21E5E1156B6E9D00A0D042 /* UIKit.framework */ = {isa = PBXFileReference; lastKnownFileType = wrapper.framework; name = UIKit.framework; path = System/Library/Frameworks/UIKit.framework; sourceTree = SDKROOT; };
		5D21E5E3156B6E9D00A0D042 /* Foundation.framework */ = {isa = PBXFileReference; lastKnownFileType = wrapper.framework; name = Foundation.framework; path = System/Library/Frameworks/Foundation.framework; sourceTree = SDKROOT; };
		5D21E5E5156B6E9D00A0D042 /* CoreGraphics.framework */ = {isa = PBXFileReference; lastKnownFileType = wrapper.framework; name = CoreGraphics.framework; path = System/Library/Frameworks/CoreGraphics.framework; sourceTree = SDKROOT; };
		5D21E5E9156B6E9D00A0D042 /* Diamond-Info.plist */ = {isa = PBXFileReference; lastKnownFileType = text.plist.xml; path = "Diamond-Info.plist"; sourceTree = "<group>"; };
		5D21E5EB156B6E9D00A0D042 /* en */ = {isa = PBXFileReference; lastKnownFileType = text.plist.strings; name = en; path = en.lproj/InfoPlist.strings; sourceTree = "<group>"; };
		5D21E5ED156B6E9D00A0D042 /* main.m */ = {isa = PBXFileReference; lastKnownFileType = sourcecode.c.objc; path = main.m; sourceTree = "<group>"; };
		5D21E5EF156B6E9D00A0D042 /* Diamond-Prefix.pch */ = {isa = PBXFileReference; lastKnownFileType = sourcecode.c.h; path = "Diamond-Prefix.pch"; sourceTree = "<group>"; };
		5D21E5F0156B6E9D00A0D042 /* AppDelegate.h */ = {isa = PBXFileReference; lastKnownFileType = sourcecode.c.h; path = AppDelegate.h; sourceTree = "<group>"; };
		5D21E5F1156B6E9D00A0D042 /* AppDelegate.m */ = {isa = PBXFileReference; lastKnownFileType = sourcecode.c.objc; path = AppDelegate.m; sourceTree = "<group>"; };
		5D21E5F4156B6E9D00A0D042 /* en */ = {isa = PBXFileReference; lastKnownFileType = file.storyboard; name = en; path = en.lproj/MainStoryboard.storyboard; sourceTree = "<group>"; };
		5D21E60A156B6E9E00A0D042 /* SenTestingKit.framework */ = {isa = PBXFileReference; lastKnownFileType = wrapper.framework; name = SenTestingKit.framework; path = Library/Frameworks/SenTestingKit.framework; sourceTree = DEVELOPER_DIR; };
		5D21E62A156B86EA00A0D042 /* UsersViewController.h */ = {isa = PBXFileReference; fileEncoding = 4; lastKnownFileType = sourcecode.c.h; path = UsersViewController.h; sourceTree = "<group>"; };
		5D21E62B156B86EA00A0D042 /* UsersViewController.m */ = {isa = PBXFileReference; fileEncoding = 4; lastKnownFileType = sourcecode.c.objc; path = UsersViewController.m; sourceTree = "<group>"; };
		5D247515175789AD00C5BFC9 /* TopicModelSpec.m */ = {isa = PBXFileReference; fileEncoding = 4; lastKnownFileType = sourcecode.c.objc; path = TopicModelSpec.m; sourceTree = "<group>"; };
		5D24751817578A0D00C5BFC9 /* NodeModelSpec.m */ = {isa = PBXFileReference; fileEncoding = 4; lastKnownFileType = sourcecode.c.objc; path = NodeModelSpec.m; sourceTree = "<group>"; };
		5D425DBD156E92B400217F70 /* Icon.png */ = {isa = PBXFileReference; lastKnownFileType = image.png; path = Icon.png; sourceTree = "<group>"; };
		5D425DBE156E92B400217F70 /* Icon@2x.png */ = {isa = PBXFileReference; lastKnownFileType = image.png; path = "Icon@2x.png"; sourceTree = "<group>"; };
		5D5634C81756FBF10069D13B /* DiamondTests.octest */ = {isa = PBXFileReference; explicitFileType = wrapper.cfbundle; includeInIndex = 0; path = DiamondTests.octest; sourceTree = BUILT_PRODUCTS_DIR; };
		5D5634CE1756FBF10069D13B /* DiamondTests-Info.plist */ = {isa = PBXFileReference; lastKnownFileType = text.plist.xml; path = "DiamondTests-Info.plist"; sourceTree = "<group>"; };
		5D5634D01756FBF10069D13B /* en */ = {isa = PBXFileReference; lastKnownFileType = text.plist.strings; name = en; path = en.lproj/InfoPlist.strings; sourceTree = "<group>"; };
		5D5634D51756FBF10069D13B /* DiamondTests-Prefix.pch */ = {isa = PBXFileReference; lastKnownFileType = sourcecode.c.h; path = "DiamondTests-Prefix.pch"; sourceTree = "<group>"; };
		5D5634DB1756FC890069D13B /* UserModelSpec.m */ = {isa = PBXFileReference; fileEncoding = 4; lastKnownFileType = sourcecode.c.objc; path = UserModelSpec.m; sourceTree = "<group>"; };
		5D5826AC156E1FA40090607E /* TopicDetailsViewController.h */ = {isa = PBXFileReference; fileEncoding = 4; lastKnownFileType = sourcecode.c.h; path = TopicDetailsViewController.h; sourceTree = "<group>"; };
		5D5826AD156E1FA40090607E /* TopicDetailsViewController.m */ = {isa = PBXFileReference; fileEncoding = 4; lastKnownFileType = sourcecode.c.objc; path = TopicDetailsViewController.m; sourceTree = "<group>"; };
		5D602F49156C720800135F5A /* TopicsViewController.h */ = {isa = PBXFileReference; fileEncoding = 4; lastKnownFileType = sourcecode.c.h; path = TopicsViewController.h; sourceTree = "<group>"; };
		5D602F4A156C720800135F5A /* TopicsViewController.m */ = {isa = PBXFileReference; fileEncoding = 4; lastKnownFileType = sourcecode.c.objc; path = TopicsViewController.m; sourceTree = "<group>"; };
		5D9B7BEA1761C8CA000072EE /* AppHelper.h */ = {isa = PBXFileReference; fileEncoding = 4; lastKnownFileType = sourcecode.c.h; path = AppHelper.h; sourceTree = "<group>"; };
		5D9B7BEB1761C8CA000072EE /* AppHelper.m */ = {isa = PBXFileReference; fileEncoding = 4; lastKnownFileType = sourcecode.c.objc; path = AppHelper.m; sourceTree = "<group>"; };
		5D9B7BF11761CB51000072EE /* RestResource.h */ = {isa = PBXFileReference; lastKnownFileType = sourcecode.c.h; path = RestResource.h; sourceTree = "<group>"; };
		5D9B7BF41761CD67000072EE /* BaseModel.h */ = {isa = PBXFileReference; fileEncoding = 4; lastKnownFileType = sourcecode.c.h; path = BaseModel.h; sourceTree = "<group>"; };
		5D9B7BF51761CD67000072EE /* BaseModel.m */ = {isa = PBXFileReference; fileEncoding = 4; lastKnownFileType = sourcecode.c.objc; path = BaseModel.m; sourceTree = "<group>"; };
		5DD0CA13175DE8E700A1F809 /* Default-568h@2x.png */ = {isa = PBXFileReference; lastKnownFileType = image.png; name = "Default-568h@2x.png"; path = "../Default-568h@2x.png"; sourceTree = "<group>"; };
		5DFA45A6156C9ADC002059D9 /* UserModel.h */ = {isa = PBXFileReference; fileEncoding = 4; lastKnownFileType = sourcecode.c.h; path = UserModel.h; sourceTree = "<group>"; };
		5DFA45A7156C9ADC002059D9 /* UserModel.m */ = {isa = PBXFileReference; fileEncoding = 4; lastKnownFileType = sourcecode.c.objc; path = UserModel.m; sourceTree = "<group>"; };
		5DFA45AA156CB58B002059D9 /* TopicModel.h */ = {isa = PBXFileReference; fileEncoding = 4; lastKnownFileType = sourcecode.c.h; path = TopicModel.h; sourceTree = "<group>"; };
		5DFA45AB156CB58B002059D9 /* TopicModel.m */ = {isa = PBXFileReference; fileEncoding = 4; lastKnownFileType = sourcecode.c.objc; path = TopicModel.m; sourceTree = "<group>"; };
		5DFA45AD156CB919002059D9 /* NodesViewController.h */ = {isa = PBXFileReference; fileEncoding = 4; lastKnownFileType = sourcecode.c.h; path = NodesViewController.h; sourceTree = "<group>"; };
		5DFA45AE156CB919002059D9 /* NodesViewController.m */ = {isa = PBXFileReference; fileEncoding = 4; lastKnownFileType = sourcecode.c.objc; path = NodesViewController.m; sourceTree = "<group>"; };
		5DFA45B0156CBA36002059D9 /* NodeModel.h */ = {isa = PBXFileReference; fileEncoding = 4; lastKnownFileType = sourcecode.c.h; path = NodeModel.h; sourceTree = "<group>"; };
		5DFA45B1156CBA36002059D9 /* NodeModel.m */ = {isa = PBXFileReference; fileEncoding = 4; lastKnownFileType = sourcecode.c.objc; path = NodeModel.m; sourceTree = "<group>"; };
		8A9116D9F0164D348BEEDFE4 /* libPods.a */ = {isa = PBXFileReference; explicitFileType = archive.ar; includeInIndex = 0; path = libPods.a; sourceTree = BUILT_PRODUCTS_DIR; };
		A4EE263571004AC8ADA69308 /* Pods-DiamondTests.xcconfig */ = {isa = PBXFileReference; includeInIndex = 1; lastKnownFileType = text.xcconfig; name = "Pods-DiamondTests.xcconfig"; path = "Pods/Pods-DiamondTests.xcconfig"; sourceTree = SOURCE_ROOT; };
		DE57E2FC40B14A768F832812 /* libPods-DiamondTests.a */ = {isa = PBXFileReference; explicitFileType = archive.ar; includeInIndex = 0; path = "libPods-DiamondTests.a"; sourceTree = BUILT_PRODUCTS_DIR; };
/* End PBXFileReference section */

/* Begin PBXFrameworksBuildPhase section */
		5D21E5DA156B6E9D00A0D042 /* Frameworks */ = {
			isa = PBXFrameworksBuildPhase;
			buildActionMask = 2147483647;
			files = (
				5D21E5E2156B6E9D00A0D042 /* UIKit.framework in Frameworks */,
				5D21E5E4156B6E9D00A0D042 /* Foundation.framework in Frameworks */,
				5D21E5E6156B6E9D00A0D042 /* CoreGraphics.framework in Frameworks */,
				69351CC69FD9464185937E6A /* libPods.a in Frameworks */,
			);
			runOnlyForDeploymentPostprocessing = 0;
		};
		5D5634C41756FBF10069D13B /* Frameworks */ = {
			isa = PBXFrameworksBuildPhase;
			buildActionMask = 2147483647;
			files = (
				5D5634C91756FBF10069D13B /* SenTestingKit.framework in Frameworks */,
				5D5634CA1756FBF10069D13B /* UIKit.framework in Frameworks */,
				5D5634CB1756FBF10069D13B /* Foundation.framework in Frameworks */,
				2E2467E1F5774E7BBD19892E /* libPods-DiamondTests.a in Frameworks */,
			);
			runOnlyForDeploymentPostprocessing = 0;
		};
/* End PBXFrameworksBuildPhase section */

/* Begin PBXGroup section */
		5D21E5D2156B6E9D00A0D042 = {
			isa = PBXGroup;
			children = (
				5D21E5E7156B6E9D00A0D042 /* Diamond */,
				5D5634CC1756FBF10069D13B /* DiamondTests */,
				5D21E5E0156B6E9D00A0D042 /* Frameworks */,
				5D21E5DE156B6E9D00A0D042 /* Products */,
				2167290244C74396BFA6BAAD /* Pods-DiamondTests.xcconfig */,
				A4EE263571004AC8ADA69308 /* Pods-DiamondTests.xcconfig */,
				3CD92CD3DEE24080AE8EE68B /* Pods.xcconfig */,
			);
			sourceTree = "<group>";
		};
		5D21E5DE156B6E9D00A0D042 /* Products */ = {
			isa = PBXGroup;
			children = (
				5D21E5DD156B6E9D00A0D042 /* Diamond.app */,
				5D5634C81756FBF10069D13B /* DiamondTests.octest */,
			);
			name = Products;
			sourceTree = "<group>";
		};
		5D21E5E0156B6E9D00A0D042 /* Frameworks */ = {
			isa = PBXGroup;
			children = (
				5D21E5E1156B6E9D00A0D042 /* UIKit.framework */,
				5D21E5E3156B6E9D00A0D042 /* Foundation.framework */,
				5D21E5E5156B6E9D00A0D042 /* CoreGraphics.framework */,
				5D21E60A156B6E9E00A0D042 /* SenTestingKit.framework */,
				DE57E2FC40B14A768F832812 /* libPods-DiamondTests.a */,
				370ED707B6D644FE9CDAF695 /* libPods-DiamondTests.a */,
				8A9116D9F0164D348BEEDFE4 /* libPods.a */,
			);
			name = Frameworks;
			sourceTree = "<group>";
		};
		5D21E5E7156B6E9D00A0D042 /* Diamond */ = {
			isa = PBXGroup;
			children = (
				5DC259FB156D16CA007A5B2C /* Classes */,
				5D21E5F3156B6E9D00A0D042 /* MainStoryboard.storyboard */,
				5DC259FA156D15B9007A5B2C /* Resources */,
				5D21E5E8156B6E9D00A0D042 /* Supporting Files */,
			);
			path = Diamond;
			sourceTree = "<group>";
		};
		5D21E5E8156B6E9D00A0D042 /* Supporting Files */ = {
			isa = PBXGroup;
			children = (
				5D21E5E9156B6E9D00A0D042 /* Diamond-Info.plist */,
				5D21E5EA156B6E9D00A0D042 /* InfoPlist.strings */,
				5D21E5ED156B6E9D00A0D042 /* main.m */,
				5D21E5EF156B6E9D00A0D042 /* Diamond-Prefix.pch */,
			);
			name = "Supporting Files";
			sourceTree = "<group>";
		};
		5D5634CC1756FBF10069D13B /* DiamondTests */ = {
			isa = PBXGroup;
			children = (
				5D5634D91756FC6D0069D13B /* Models */,
				5D5634CD1756FBF10069D13B /* Supporting Files */,
				5D03AA5B1756FEAB00F4AF1F /* TestHelper.h */,
				5D03AA5C1756FEAB00F4AF1F /* TestHelper.m */,
			);
			path = DiamondTests;
			sourceTree = "<group>";
		};
		5D5634CD1756FBF10069D13B /* Supporting Files */ = {
			isa = PBXGroup;
			children = (
				5D5634CE1756FBF10069D13B /* DiamondTests-Info.plist */,
				5D5634CF1756FBF10069D13B /* InfoPlist.strings */,
				5D5634D51756FBF10069D13B /* DiamondTests-Prefix.pch */,
			);
			name = "Supporting Files";
			sourceTree = "<group>";
		};
		5D5634D91756FC6D0069D13B /* Models */ = {
			isa = PBXGroup;
			children = (
				5D5634DB1756FC890069D13B /* UserModelSpec.m */,
				5D247515175789AD00C5BFC9 /* TopicModelSpec.m */,
				5D24751817578A0D00C5BFC9 /* NodeModelSpec.m */,
			);
			name = Models;
			sourceTree = "<group>";
		};
		5D9B7BED1761C8CF000072EE /* Helpers */ = {
			isa = PBXGroup;
			children = (
				5D9B7BEA1761C8CA000072EE /* AppHelper.h */,
				5D9B7BEB1761C8CA000072EE /* AppHelper.m */,
			);
			name = Helpers;
			sourceTree = "<group>";
		};
		5D9B7BF31761CB6A000072EE /* Protocols */ = {
			isa = PBXGroup;
			children = (
				5D9B7BF11761CB51000072EE /* RestResource.h */,
			);
			name = Protocols;
			sourceTree = "<group>";
		};
		5DBEAD71156CCD0C003B639C /* Controllers */ = {
			isa = PBXGroup;
			children = (
				5D5826AC156E1FA40090607E /* TopicDetailsViewController.h */,
				5D5826AD156E1FA40090607E /* TopicDetailsViewController.m */,
				5D602F49156C720800135F5A /* TopicsViewController.h */,
				5D602F4A156C720800135F5A /* TopicsViewController.m */,
				5D21E62A156B86EA00A0D042 /* UsersViewController.h */,
				5D21E62B156B86EA00A0D042 /* UsersViewController.m */,
				5DFA45AD156CB919002059D9 /* NodesViewController.h */,
				5DFA45AE156CB919002059D9 /* NodesViewController.m */,
			);
			name = Controllers;
			sourceTree = "<group>";
		};
		5DC259F8156D1585007A5B2C /* Models */ = {
			isa = PBXGroup;
			children = (
				5DFA45A6156C9ADC002059D9 /* UserModel.h */,
				5DFA45A7156C9ADC002059D9 /* UserModel.m */,
				5DFA45AA156CB58B002059D9 /* TopicModel.h */,
				5DFA45AB156CB58B002059D9 /* TopicModel.m */,
				5DFA45B0156CBA36002059D9 /* NodeModel.h */,
				5DFA45B1156CBA36002059D9 /* NodeModel.m */,
				5D9B7BF41761CD67000072EE /* BaseModel.h */,
				5D9B7BF51761CD67000072EE /* BaseModel.m */,
			);
			name = Models;
			sourceTree = "<group>";
		};
		5DC259FA156D15B9007A5B2C /* Resources */ = {
			isa = PBXGroup;
			children = (
				5DD0CA13175DE8E700A1F809 /* Default-568h@2x.png */,
				5D425DBD156E92B400217F70 /* Icon.png */,
				5D425DBE156E92B400217F70 /* Icon@2x.png */,
			);
			name = Resources;
			sourceTree = "<group>";
		};
		5DC259FB156D16CA007A5B2C /* Classes */ = {
			isa = PBXGroup;
			children = (
				5D21E5F0156B6E9D00A0D042 /* AppDelegate.h */,
				5D21E5F1156B6E9D00A0D042 /* AppDelegate.m */,
				5DC259F8156D1585007A5B2C /* Models */,
				5DBEAD71156CCD0C003B639C /* Controllers */,
				5D9B7BED1761C8CF000072EE /* Helpers */,
				5D9B7BF31761CB6A000072EE /* Protocols */,
			);
			name = Classes;
			sourceTree = "<group>";
		};
/* End PBXGroup section */

/* Begin PBXNativeTarget section */
		5D21E5DC156B6E9D00A0D042 /* Diamond */ = {
			isa = PBXNativeTarget;
			buildConfigurationList = 5D21E61B156B6E9E00A0D042 /* Build configuration list for PBXNativeTarget "Diamond" */;
			buildPhases = (
				2E213BAC3B8E446CA6FDFB16 /* Check Pods Manifest.lock */,
				5D21E5D9156B6E9D00A0D042 /* Sources */,
				5D21E5DA156B6E9D00A0D042 /* Frameworks */,
				5D21E5DB156B6E9D00A0D042 /* Resources */,
				2F612148DAB7422EBE6DF522 /* Copy Pods Resources */,
			);
			buildRules = (
			);
			dependencies = (
			);
			name = Diamond;
			productName = Diamond;
			productReference = 5D21E5DD156B6E9D00A0D042 /* Diamond.app */;
			productType = "com.apple.product-type.application";
		};
		5D5634C71756FBF10069D13B /* DiamondTests */ = {
			isa = PBXNativeTarget;
			buildConfigurationList = 5D5634D61756FBF10069D13B /* Build configuration list for PBXNativeTarget "DiamondTests" */;
			buildPhases = (
				C632E2448B4B4BBF9A85AD73 /* Check Pods Manifest.lock */,
				5D5634C31756FBF10069D13B /* Sources */,
				5D5634C41756FBF10069D13B /* Frameworks */,
				5D5634C51756FBF10069D13B /* Resources */,
				5D5634C61756FBF10069D13B /* ShellScript */,
				2F0CEE153AC74FCBAC5CC27B /* Copy Pods Resources */,
			);
			buildRules = (
			);
			dependencies = (
				5D03AA6117570AEF00F4AF1F /* PBXTargetDependency */,
			);
			name = DiamondTests;
			productName = DiamondTests;
			productReference = 5D5634C81756FBF10069D13B /* DiamondTests.octest */;
			productType = "com.apple.product-type.bundle";
		};
/* End PBXNativeTarget section */

/* Begin PBXProject section */
		5D21E5D4156B6E9D00A0D042 /* Project object */ = {
			isa = PBXProject;
			attributes = {
				LastUpgradeCheck = 0430;
			};
			buildConfigurationList = 5D21E5D7156B6E9D00A0D042 /* Build configuration list for PBXProject "Diamond" */;
			compatibilityVersion = "Xcode 3.2";
			developmentRegion = English;
			hasScannedForEncodings = 0;
			knownRegions = (
				en,
			);
			mainGroup = 5D21E5D2156B6E9D00A0D042;
			productRefGroup = 5D21E5DE156B6E9D00A0D042 /* Products */;
			projectDirPath = "";
			projectRoot = "";
			targets = (
				5D21E5DC156B6E9D00A0D042 /* Diamond */,
				5D5634C71756FBF10069D13B /* DiamondTests */,
			);
		};
/* End PBXProject section */

/* Begin PBXResourcesBuildPhase section */
		5D21E5DB156B6E9D00A0D042 /* Resources */ = {
			isa = PBXResourcesBuildPhase;
			buildActionMask = 2147483647;
			files = (
				5D21E5EC156B6E9D00A0D042 /* InfoPlist.strings in Resources */,
				5D21E5F5156B6E9D00A0D042 /* MainStoryboard.storyboard in Resources */,
				5D425DBF156E92B400217F70 /* Icon.png in Resources */,
				5D425DC0156E92B400217F70 /* Icon@2x.png in Resources */,
				5DD0CA14175DE8E700A1F809 /* Default-568h@2x.png in Resources */,
			);
			runOnlyForDeploymentPostprocessing = 0;
		};
		5D5634C51756FBF10069D13B /* Resources */ = {
			isa = PBXResourcesBuildPhase;
			buildActionMask = 2147483647;
			files = (
				5D5634D11756FBF10069D13B /* InfoPlist.strings in Resources */,
			);
			runOnlyForDeploymentPostprocessing = 0;
		};
/* End PBXResourcesBuildPhase section */

/* Begin PBXShellScriptBuildPhase section */
		2E213BAC3B8E446CA6FDFB16 /* Check Pods Manifest.lock */ = {
			isa = PBXShellScriptBuildPhase;
			buildActionMask = 2147483647;
			files = (
			);
			inputPaths = (
			);
			name = "Check Pods Manifest.lock";
			outputPaths = (
			);
			runOnlyForDeploymentPostprocessing = 0;
			shellPath = /bin/sh;
			shellScript = "diff \"${PODS_ROOT}/../Podfile.lock\" \"${PODS_ROOT}/Manifest.lock\" > /dev/null\nif [[ $? != 0 ]] ; then\n    cat << EOM\nerror: The sandbox is not in sync with the Podfile.lock. Run 'pod install' or update your CocoaPods installation.\nEOM\n    exit 1\nfi\n";
		};
		2F0CEE153AC74FCBAC5CC27B /* Copy Pods Resources */ = {
			isa = PBXShellScriptBuildPhase;
			buildActionMask = 2147483647;
			files = (
			);
			inputPaths = (
			);
			name = "Copy Pods Resources";
			outputPaths = (
			);
			runOnlyForDeploymentPostprocessing = 0;
			shellPath = /bin/sh;
			shellScript = "\"${SRCROOT}/Pods/Pods-DiamondTests-resources.sh\"\n";
		};
		2F612148DAB7422EBE6DF522 /* Copy Pods Resources */ = {
			isa = PBXShellScriptBuildPhase;
			buildActionMask = 2147483647;
			files = (
			);
			inputPaths = (
			);
			name = "Copy Pods Resources";
			outputPaths = (
			);
			runOnlyForDeploymentPostprocessing = 0;
			shellPath = /bin/sh;
			shellScript = "\"${SRCROOT}/Pods/Pods-resources.sh\"\n";
		};
		5D5634C61756FBF10069D13B /* ShellScript */ = {
			isa = PBXShellScriptBuildPhase;
			buildActionMask = 2147483647;
			files = (
			);
			inputPaths = (
			);
			outputPaths = (
			);
			runOnlyForDeploymentPostprocessing = 0;
			shellPath = /bin/sh;
			shellScript = "# Run the unit tests in this test bundle.\n\"${SYSTEM_DEVELOPER_DIR}/Tools/RunUnitTests\"\n";
		};
		C632E2448B4B4BBF9A85AD73 /* Check Pods Manifest.lock */ = {
			isa = PBXShellScriptBuildPhase;
			buildActionMask = 2147483647;
			files = (
			);
			inputPaths = (
			);
			name = "Check Pods Manifest.lock";
			outputPaths = (
			);
			runOnlyForDeploymentPostprocessing = 0;
			shellPath = /bin/sh;
			shellScript = "diff \"${PODS_ROOT}/../Podfile.lock\" \"${PODS_ROOT}/Manifest.lock\" > /dev/null\nif [[ $? != 0 ]] ; then\n    cat << EOM\nerror: The sandbox is not in sync with the Podfile.lock. Run 'pod install' or update your CocoaPods installation.\nEOM\n    exit 1\nfi\n";
		};
/* End PBXShellScriptBuildPhase section */

/* Begin PBXSourcesBuildPhase section */
		5D21E5D9156B6E9D00A0D042 /* Sources */ = {
			isa = PBXSourcesBuildPhase;
			buildActionMask = 2147483647;
			files = (
				5D21E5EE156B6E9D00A0D042 /* main.m in Sources */,
				5D21E5F2156B6E9D00A0D042 /* AppDelegate.m in Sources */,
				5D21E62C156B86EA00A0D042 /* UsersViewController.m in Sources */,
				5D602F4B156C720800135F5A /* TopicsViewController.m in Sources */,
				5DFA45A8156C9ADC002059D9 /* UserModel.m in Sources */,
				5DFA45AC156CB58B002059D9 /* TopicModel.m in Sources */,
				5DFA45AF156CB919002059D9 /* NodesViewController.m in Sources */,
				5DFA45B2156CBA36002059D9 /* NodeModel.m in Sources */,
				5D5826AE156E1FA40090607E /* TopicDetailsViewController.m in Sources */,
				5D9B7BEC1761C8CB000072EE /* AppHelper.m in Sources */,
				5D9B7BF61761CD67000072EE /* BaseModel.m in Sources */,
			);
			runOnlyForDeploymentPostprocessing = 0;
		};
		5D5634C31756FBF10069D13B /* Sources */ = {
			isa = PBXSourcesBuildPhase;
			buildActionMask = 2147483647;
			files = (
				5D5634DC1756FC890069D13B /* UserModelSpec.m in Sources */,
				5D03AA5D1756FEAB00F4AF1F /* TestHelper.m in Sources */,
				5D247516175789AD00C5BFC9 /* TopicModelSpec.m in Sources */,
				5D24751917578A0D00C5BFC9 /* NodeModelSpec.m in Sources */,
			);
			runOnlyForDeploymentPostprocessing = 0;
		};
/* End PBXSourcesBuildPhase section */

/* Begin PBXTargetDependency section */
		5D03AA6117570AEF00F4AF1F /* PBXTargetDependency */ = {
			isa = PBXTargetDependency;
			target = 5D21E5DC156B6E9D00A0D042 /* Diamond */;
			targetProxy = 5D03AA6017570AEF00F4AF1F /* PBXContainerItemProxy */;
		};
/* End PBXTargetDependency section */

/* Begin PBXVariantGroup section */
		5D21E5EA156B6E9D00A0D042 /* InfoPlist.strings */ = {
			isa = PBXVariantGroup;
			children = (
				5D21E5EB156B6E9D00A0D042 /* en */,
			);
			name = InfoPlist.strings;
			sourceTree = "<group>";
		};
		5D21E5F3156B6E9D00A0D042 /* MainStoryboard.storyboard */ = {
			isa = PBXVariantGroup;
			children = (
				5D21E5F4156B6E9D00A0D042 /* en */,
			);
			name = MainStoryboard.storyboard;
			sourceTree = "<group>";
		};
		5D5634CF1756FBF10069D13B /* InfoPlist.strings */ = {
			isa = PBXVariantGroup;
			children = (
				5D5634D01756FBF10069D13B /* en */,
			);
			name = InfoPlist.strings;
			sourceTree = "<group>";
		};
/* End PBXVariantGroup section */

/* Begin XCBuildConfiguration section */
		5D21E619156B6E9E00A0D042 /* Debug */ = {
			isa = XCBuildConfiguration;
			buildSettings = {
				ALWAYS_SEARCH_USER_PATHS = NO;
				ARCHS = "$(ARCHS_STANDARD_32_BIT)";
				CLANG_ENABLE_OBJC_ARC = YES;
				"CODE_SIGN_IDENTITY[sdk=iphoneos*]" = "iPhone Developer";
				COPY_PHASE_STRIP = NO;
				GCC_C_LANGUAGE_STANDARD = gnu99;
				GCC_DYNAMIC_NO_PIC = NO;
				GCC_OPTIMIZATION_LEVEL = 0;
				GCC_PREPROCESSOR_DEFINITIONS = (
					"DEBUG=1",
					"$(inherited)",
				);
				GCC_SYMBOLS_PRIVATE_EXTERN = NO;
				GCC_VERSION = com.apple.compilers.llvm.clang.1_0;
				GCC_WARN_ABOUT_RETURN_TYPE = YES;
				GCC_WARN_UNINITIALIZED_AUTOS = YES;
				GCC_WARN_UNUSED_VARIABLE = YES;
				IPHONEOS_DEPLOYMENT_TARGET = 6.0;
				SDKROOT = iphoneos;
			};
			name = Debug;
		};
		5D21E61A156B6E9E00A0D042 /* Release */ = {
			isa = XCBuildConfiguration;
			buildSettings = {
				ALWAYS_SEARCH_USER_PATHS = NO;
				ARCHS = "$(ARCHS_STANDARD_32_BIT)";
				CLANG_ENABLE_OBJC_ARC = YES;
				"CODE_SIGN_IDENTITY[sdk=iphoneos*]" = "iPhone Developer";
				COPY_PHASE_STRIP = YES;
				GCC_C_LANGUAGE_STANDARD = gnu99;
				GCC_VERSION = com.apple.compilers.llvm.clang.1_0;
				GCC_WARN_ABOUT_RETURN_TYPE = YES;
				GCC_WARN_UNINITIALIZED_AUTOS = YES;
				GCC_WARN_UNUSED_VARIABLE = YES;
				IPHONEOS_DEPLOYMENT_TARGET = 6.0;
				OTHER_CFLAGS = "-DNS_BLOCK_ASSERTIONS=1";
				SDKROOT = iphoneos;
				VALIDATE_PRODUCT = YES;
			};
			name = Release;
		};
		5D21E61C156B6E9E00A0D042 /* Debug */ = {
			isa = XCBuildConfiguration;
			baseConfigurationReference = 3CD92CD3DEE24080AE8EE68B /* Pods.xcconfig */;
			buildSettings = {
				GCC_PRECOMPILE_PREFIX_HEADER = YES;
				GCC_PREFIX_HEADER = "Diamond/Diamond-Prefix.pch";
				INFOPLIST_FILE = "Diamond/Diamond-Info.plist";
				PRODUCT_NAME = "$(TARGET_NAME)";
				WRAPPER_EXTENSION = app;
			};
			name = Debug;
		};
		5D21E61D156B6E9E00A0D042 /* Release */ = {
			isa = XCBuildConfiguration;
			baseConfigurationReference = 3CD92CD3DEE24080AE8EE68B /* Pods.xcconfig */;
			buildSettings = {
				GCC_PRECOMPILE_PREFIX_HEADER = YES;
				GCC_PREFIX_HEADER = "Diamond/Diamond-Prefix.pch";
				INFOPLIST_FILE = "Diamond/Diamond-Info.plist";
				PRODUCT_NAME = "$(TARGET_NAME)";
				WRAPPER_EXTENSION = app;
			};
			name = Release;
		};
		5D5634D71756FBF10069D13B /* Debug */ = {
			isa = XCBuildConfiguration;
			baseConfigurationReference = A4EE263571004AC8ADA69308 /* Pods-DiamondTests.xcconfig */;
			buildSettings = {
				BUNDLE_LOADER = "$(BUILT_PRODUCTS_DIR)/Diamond.app/Diamond";
				CLANG_CXX_LANGUAGE_STANDARD = "gnu++0x";
				CLANG_CXX_LIBRARY = "libc++";
				CLANG_WARN_CONSTANT_CONVERSION = YES;
				CLANG_WARN_EMPTY_BODY = YES;
				CLANG_WARN_ENUM_CONVERSION = YES;
				CLANG_WARN_INT_CONVERSION = YES;
				CLANG_WARN__DUPLICATE_METHOD_MATCH = YES;
				FRAMEWORK_SEARCH_PATHS = "$(inherited)";
				GCC_PRECOMPILE_PREFIX_HEADER = YES;
				GCC_PREFIX_HEADER = "DiamondTests/DiamondTests-Prefix.pch";
				INFOPLIST_FILE = "DiamondTests/DiamondTests-Info.plist";
				IPHONEOS_DEPLOYMENT_TARGET = 6.1;
				ONLY_ACTIVE_ARCH = NO;
				PRODUCT_NAME = "$(TARGET_NAME)";
				TEST_HOST = "$(BUNDLE_LOADER)";
				WRAPPER_EXTENSION = octest;
			};
			name = Debug;
		};
		5D5634D81756FBF10069D13B /* Release */ = {
			isa = XCBuildConfiguration;
			baseConfigurationReference = A4EE263571004AC8ADA69308 /* Pods-DiamondTests.xcconfig */;
			buildSettings = {
				BUNDLE_LOADER = "$(BUILT_PRODUCTS_DIR)/Diamond.app/Diamond";
				CLANG_CXX_LANGUAGE_STANDARD = "gnu++0x";
				CLANG_CXX_LIBRARY = "libc++";
				CLANG_WARN_CONSTANT_CONVERSION = YES;
				CLANG_WARN_EMPTY_BODY = YES;
				CLANG_WARN_ENUM_CONVERSION = YES;
				CLANG_WARN_INT_CONVERSION = YES;
				CLANG_WARN__DUPLICATE_METHOD_MATCH = YES;
				FRAMEWORK_SEARCH_PATHS = "$(inherited)";
				GCC_PRECOMPILE_PREFIX_HEADER = YES;
				GCC_PREFIX_HEADER = "DiamondTests/DiamondTests-Prefix.pch";
				INFOPLIST_FILE = "DiamondTests/DiamondTests-Info.plist";
				IPHONEOS_DEPLOYMENT_TARGET = 6.1;
				PRODUCT_NAME = "$(TARGET_NAME)";
				TEST_HOST = "$(BUNDLE_LOADER)";
				WRAPPER_EXTENSION = octest;
			};
			name = Release;
		};
/* End XCBuildConfiguration section */

/* Begin XCConfigurationList section */
		5D21E5D7156B6E9D00A0D042 /* Build configuration list for PBXProject "Diamond" */ = {
			isa = XCConfigurationList;
			buildConfigurations = (
				5D21E619156B6E9E00A0D042 /* Debug */,
				5D21E61A156B6E9E00A0D042 /* Release */,
			);
			defaultConfigurationIsVisible = 0;
			defaultConfigurationName = Release;
		};
		5D21E61B156B6E9E00A0D042 /* Build configuration list for PBXNativeTarget "Diamond" */ = {
			isa = XCConfigurationList;
			buildConfigurations = (
				5D21E61C156B6E9E00A0D042 /* Debug */,
				5D21E61D156B6E9E00A0D042 /* Release */,
			);
			defaultConfigurationIsVisible = 0;
			defaultConfigurationName = Release;
		};
		5D5634D61756FBF10069D13B /* Build configuration list for PBXNativeTarget "DiamondTests" */ = {
			isa = XCConfigurationList;
			buildConfigurations = (
				5D5634D71756FBF10069D13B /* Debug */,
				5D5634D81756FBF10069D13B /* Release */,
			);
			defaultConfigurationIsVisible = 0;
			defaultConfigurationName = Release;
		};
/* End XCConfigurationList section */
	};
	rootObject = 5D21E5D4156B6E9D00A0D042 /* Project object */;
}
